{
  "version": "3",
  "packages": {
    "specifiers": {
      "npm:@types/node": "npm:@types/node@18.16.19"
    },
    "npm": {
      "@types/node@18.16.19": {
        "integrity": "sha512-IXl7o+R9iti9eBW4Wg2hx1xQDig183jj7YLn8F7udNceyfkbn1ZxmzZXuak20gR40D7pIkIY1kYGx5VIGbaHKA==",
        "dependencies": {}
      }
    }
  },
  "redirects": {
    "https://64e8753eae24930008fac6d9--edge.netlify.app/bootstrap/index-combined.ts": "https://64e8753eae24930008fac6d9--edge.netlify.com/bootstrap/index-combined.ts",
    "https://deno.land/std/assert/mod.ts": "https://deno.land/std@0.210.0/assert/mod.ts",
    "https://deno.land/std/bytes/mod.ts": "https://deno.land/std@0.210.0/bytes/mod.ts",
    "https://deno.land/std/encoding/hex.ts": "https://deno.land/std@0.210.0/encoding/hex.ts",
    "https://deno.land/std/io/mod.ts": "https://deno.land/std@0.210.0/io/mod.ts"
  },
  "remote": {
    "https://64e8753eae24930008fac6d9--edge.netlify.com/bootstrap/account.ts": "2a728e5787f089e638732dd9a1bd782770d83d403b60bd6d35977045f77ecf70",
    "https://64e8753eae24930008fac6d9--edge.netlify.com/bootstrap/blobs.ts": "a4ee4d3211e8fd3ef942957e384f829610c7d813de5d75e815353f91fd2a7929",
    "https://64e8753eae24930008fac6d9--edge.netlify.com/bootstrap/bypass.ts": "225c35410fbe6f445f53d30e929f39a3547e8792d1147f5c016aa0068aba0b45",
    "https://64e8753eae24930008fac6d9--edge.netlify.com/bootstrap/cache.ts": "b8cbe411e9cac6529a11bce57fa1693aea14c1c614d977e23641efba8976dc66",
    "https://64e8753eae24930008fac6d9--edge.netlify.com/bootstrap/context.ts": "8f99269eeeeccf9b852e6089cc648c962a0ea20b2198b8b38b38e3b2ce2b9143",
    "https://64e8753eae24930008fac6d9--edge.netlify.com/bootstrap/cookie.ts": "6813e87996aef1b75348ccddc7f3c64a3be7ed1521a0af524ec986f4ea8764ee",
    "https://64e8753eae24930008fac6d9--edge.netlify.com/bootstrap/cookie_store.ts": "83e87d7f704589e257effa270e1abbd9ad0e362f8eeb596be60350a528bc3c1a",
    "https://64e8753eae24930008fac6d9--edge.netlify.com/bootstrap/deno-fs.ts": "ccd0a9335de14e01d77e8937e2320c99a110f5f2a473b80126750e3884ef952a",
    "https://64e8753eae24930008fac6d9--edge.netlify.com/bootstrap/edge_function.ts": "b8253e86aa83c67341f5cfedeba5049d77fbf84dcab7eceff7566b7728ae9b39",
    "https://64e8753eae24930008fac6d9--edge.netlify.com/bootstrap/environment.ts": "310fda1b6341d50ba1b7838acd3acdcc883a6c59e30783fa486fa03fa512cd3f",
    "https://64e8753eae24930008fac6d9--edge.netlify.com/bootstrap/feature_flags.ts": "d0d99cb8959b95281744e4dff1c17925cea2f14ec22de2c94f0f2a3eb622320a",
    "https://64e8753eae24930008fac6d9--edge.netlify.com/bootstrap/function_chain.ts": "6c6a3fb39c20604ee2047633a9e06160f4ff8f0456b95fb5d0fc2018afed47e3",
    "https://64e8753eae24930008fac6d9--edge.netlify.com/bootstrap/geo.ts": "18499de9f6df128568f54ebc6435e37c010ad6a742daae1383ff4a6f997f9767",
    "https://64e8753eae24930008fac6d9--edge.netlify.com/bootstrap/globals.ts": "d0f16f3dd058b2df4d2deb2d2673744176f41f7284013d7d3bc790b9ed16cf14",
    "https://64e8753eae24930008fac6d9--edge.netlify.com/bootstrap/handler.ts": "79d75a050cb89b6a673d20c5e059691b8bb93178a72a07ba713555ca024c5a3d",
    "https://64e8753eae24930008fac6d9--edge.netlify.com/bootstrap/headers.ts": "c8207507959258b3a31d7ef6bb17244da5ca0f4c6aa0629647b6a9322872f743",
    "https://64e8753eae24930008fac6d9--edge.netlify.com/bootstrap/index-combined.ts": "d3d3275ef36aff31e35a56da0db128b0f7403cecc4ca8c9af1e17cb78bfa5ae0",
    "https://64e8753eae24930008fac6d9--edge.netlify.com/bootstrap/invocation_metadata.ts": "e16572a7bdfb504ec7e8b19fa010ae832c5de97cabcc80b3746b47c723d5d197",
    "https://64e8753eae24930008fac6d9--edge.netlify.com/bootstrap/log/instrumented_log.ts": "7e8010d9e11e76aa5207f290ff51652f8edaa6d41ed8bc1fc865349d9b4689ed",
    "https://64e8753eae24930008fac6d9--edge.netlify.com/bootstrap/log/logger.ts": "618a2bb3fe1a15658ea95a98e06d31f10afb0d1af86357b9fa52f9311fca9d81",
    "https://64e8753eae24930008fac6d9--edge.netlify.com/bootstrap/log/types.ts": "be534c9e56a358189415e7c447e093daa4293e89c05a210ab20a1218802ac4f9",
    "https://64e8753eae24930008fac6d9--edge.netlify.com/bootstrap/path_parameters.ts": "51aad8e72e6516ed174486ca8f831cab6da0550a742c71eb0f92e4f499c7b6cb",
    "https://64e8753eae24930008fac6d9--edge.netlify.com/bootstrap/request.ts": "0a70af5c768877d0971d8c9898a87a6ff628c75f0c8a493cc3255e4cf540fc28",
    "https://64e8753eae24930008fac6d9--edge.netlify.com/bootstrap/request_store.ts": "9270fb6d8fb25fb00af79a1406a52084f09d42aa5f8957377d8fecb1bc3b2f99",
    "https://64e8753eae24930008fac6d9--edge.netlify.com/bootstrap/response.ts": "4e0d2537f810028ddbe91138b3526dae3f4c3fb30ff17673342ca971207c21b7",
    "https://64e8753eae24930008fac6d9--edge.netlify.com/bootstrap/retry.ts": "f296ce40940395e9cceb45e7e6df2852cfdd04d560d63b66e0d448550b583f77",
    "https://64e8753eae24930008fac6d9--edge.netlify.com/bootstrap/router.ts": "b787249ecbd87c01a661957302a251ecf6653f3c22d5eb3a6a167b8d07264fdc",
    "https://64e8753eae24930008fac6d9--edge.netlify.com/bootstrap/server.ts": "8b11984bb87a6a414f785a2ef54cc0df41a04bb77c4bc4c8593c7a00a666d9fe",
    "https://64e8753eae24930008fac6d9--edge.netlify.com/bootstrap/site.ts": "c4ab1ea61feaafcebfcc08fb8f501084c92094c5dc4051be049786f403dec0e5",
    "https://64e8753eae24930008fac6d9--edge.netlify.com/bootstrap/stage_2.ts": "9504d8124ec1284a84cb2537b0d04540ee59846aa902d868436057ac5b671307",
    "https://64e8753eae24930008fac6d9--edge.netlify.com/bootstrap/util/errors.ts": "e844f57dbb383a04c76523f1b2e30d8b99f8f7afb843a4b936e8d4d2a8a2d990",
    "https://64e8753eae24930008fac6d9--edge.netlify.com/bootstrap/util/execution_context.ts": "80d560a41b2fc470a8496375030065f05f4cf2bfac5ab9f7f972e9e61c2a00a1",
    "https://64e8753eae24930008fac6d9--edge.netlify.com/bootstrap/util/named_wrapper.ts": "a2b16dc9a8e8fb07509b5cfe29203eebd5bfaafe7589669bae544c8d4d606934",
    "https://64e8753eae24930008fac6d9--edge.netlify.com/bootstrap/util/patch_globals.ts": "bed0509e66d8adbdcbe51138b4ef7aceb7d53d8c1df850535a0dec043259425d",
    "https://64e8753eae24930008fac6d9--edge.netlify.com/bootstrap/util/redirect.ts": "44e8579752b8e386fa0c482215b090910a13c1fcab2e302a260fb7eb5cac8b8a",
    "https://64e8753eae24930008fac6d9--edge.netlify.com/bootstrap/util/stack_tracer.ts": "b8eea4305ed2a38a200c95ffd354d3090a4ea225f8e648f54101ee96f8ba6157",
    "https://64e8753eae24930008fac6d9--edge.netlify.com/vendor/v1-3-0--blobs-js.netlify.app/main.ts": "2280f5fb458eeb5b0b08b01ba0374d4c1bba9a5e824e651b40d138f9add5f1de",
    "https://deno.land/std@0.170.0/_util/asserts.ts": "d0844e9b62510f89ce1f9878b046f6a57bf88f208a10304aab50efcb48365272",
    "https://deno.land/std@0.170.0/async/abortable.ts": "80b2ac399f142cc528f95a037a7d0e653296352d95c681e284533765961de409",
    "https://deno.land/std@0.170.0/async/deadline.ts": "2c2deb53c7c28ca1dda7a3ad81e70508b1ebc25db52559de6b8636c9278fd41f",
    "https://deno.land/std@0.170.0/async/debounce.ts": "60301ffb37e730cd2d6f9dadfd0ecb2a38857681bd7aaf6b0a106b06e5210a98",
    "https://deno.land/std@0.170.0/async/deferred.ts": "77d3f84255c3627f1cc88699d8472b664d7635990d5358c4351623e098e917d6",
    "https://deno.land/std@0.170.0/async/delay.ts": "5a9bfba8de38840308a7a33786a0155a7f6c1f7a859558ddcec5fe06e16daf57",
    "https://deno.land/std@0.170.0/async/mod.ts": "7809ad4bb223e40f5fdc043e5c7ca04e0e25eed35c32c3c32e28697c553fa6d9",
    "https://deno.land/std@0.170.0/async/mux_async_iterator.ts": "770a0ff26c59f8bbbda6b703a2235f04e379f73238e8d66a087edc68c2a2c35f",
    "https://deno.land/std@0.170.0/async/pool.ts": "6854d8cd675a74c73391c82005cbbe4cc58183bddcd1fbbd7c2bcda42b61cf69",
    "https://deno.land/std@0.170.0/async/retry.ts": "e8e5173623915bbc0ddc537698fa418cf875456c347eda1ed453528645b42e67",
    "https://deno.land/std@0.170.0/async/tee.ts": "3a47cc4e9a940904fd4341f0224907e199121c80b831faa5ec2b054c6d2eff5e",
    "https://deno.land/std@0.170.0/datetime/to_imf.ts": "bdb0704a986a9bb48fba220722b3d4681e4b8c9c162562ee545ef2eb90b6edcd",
    "https://deno.land/std@0.170.0/encoding/base64.ts": "8605e018e49211efc767686f6f687827d7f5fd5217163e981d8d693105640d7a",
    "https://deno.land/std@0.170.0/flags/mod.ts": "4f50ec6383c02684db35de38b3ffb2cd5b9fcfcc0b1147055d1980c49e82521c",
    "https://deno.land/std@0.170.0/http/cookie.ts": "581464551b3d91739f699fbd6a429e6e8701ae252cf295efcda7379e8410d204",
    "https://deno.land/std@0.170.0/http/http_status.ts": "ed24048cc0d06066c944da59b0301da3ae2f990564bb4ad79bb52a09cf8e9b30",
    "https://deno.land/std@0.170.0/http/server.ts": "1b93c76cd415d7b6ad0ae36c17ccb9149b23f4dff018f7d5aa1ab5c36637eb45",
    "https://deno.land/std@0.210.0/assert/_constants.ts": "8a9da298c26750b28b326b297316cdde860bc237533b07e1337c021379e6b2a9",
    "https://deno.land/std@0.210.0/assert/_diff.ts": "2c9371f17cf08cbb843c924bc31ca77af422ec4fe162f73d42c651d547573fa8",
    "https://deno.land/std@0.210.0/assert/_format.ts": "335ce8e15c65b679ad142dbc9e5e97e5d58602c39dd3c9175cef6c85fe22d6d5",
    "https://deno.land/std@0.210.0/assert/assert.ts": "e265ad50a9341f3b40e51dd4cb41ab253d976943ba78a977106950e52e0302ab",
    "https://deno.land/std@0.210.0/assert/assert_almost_equals.ts": "a70d637856e1c6128dc733346d32aa73c67058489495116ca85091c39a60c767",
    "https://deno.land/std@0.210.0/assert/assert_array_includes.ts": "59d005d8897c1fbcbd5792170833f13a867f6a5ecd5a6b34a3d86b4b430de63c",
    "https://deno.land/std@0.210.0/assert/assert_equals.ts": "991b0c2b437a015d623654f758e48bfd931068211a52e8131b397cdf005c595f",
    "https://deno.land/std@0.210.0/assert/assert_exists.ts": "f24ecb0d3febad358a6cee235f012551077e07692517ebfe0630a561ba40a703",
    "https://deno.land/std@0.210.0/assert/assert_false.ts": "99cf237fe374cabf57072d2fb41b3eaff389029f850fbb96f643c875792f10ce",
    "https://deno.land/std@0.210.0/assert/assert_greater.ts": "e0bba9ac76a780573a864ab6eeb8b9fd71435b750bdd36d56a270e22ab9a79d9",
    "https://deno.land/std@0.210.0/assert/assert_greater_or_equal.ts": "aea1c7dc868926ba55f1e59f8c3560bb44706b5e3b6b009453ee4064eecf6746",
    "https://deno.land/std@0.210.0/assert/assert_instance_of.ts": "7c093d36b1a86666d5a60a8c290c91a51a627153b821a5a4dc40b24cab69f1e7",
    "https://deno.land/std@0.210.0/assert/assert_is_error.ts": "a8a758581661edec514c453910bee2f9c91b1346a515c58404963b130d81cd80",
    "https://deno.land/std@0.210.0/assert/assert_less.ts": "855aa58e49afa6a9e825f1abcd5947dc789c5878fc1b6f48b8a08115d48da32b",
    "https://deno.land/std@0.210.0/assert/assert_less_or_equal.ts": "2ae5246bd0e83da26e5c8e2815d1493252f71f7dc02afb83dc2fc0e0fb0bd894",
    "https://deno.land/std@0.210.0/assert/assert_match.ts": "e541a9769cf5726312ff9e15031e2faa2df3c59fbdc5573c8758b1f4668ccc62",
    "https://deno.land/std@0.210.0/assert/assert_not_equals.ts": "6bce4b28f3316029c0aef107f8390796798835c382d31c1004160baef0b80db0",
    "https://deno.land/std@0.210.0/assert/assert_not_instance_of.ts": "866243fd28bc6665e2ffcc027a9df1d2a69cb644aef1e9b8d1ce34377c6b8a84",
    "https://deno.land/std@0.210.0/assert/assert_not_match.ts": "59707eceb0d2b16d6892fbf92ec86f92fd76fcfc55f8b61508299db7d2972cab",
    "https://deno.land/std@0.210.0/assert/assert_not_strict_equals.ts": "c84b8e229450e8dfc44b9910d602788313ff7333d67d5bd8528371567b6a3632",
    "https://deno.land/std@0.210.0/assert/assert_object_match.ts": "ebeff248d48e5810f787e8742ae4f6b39904f4640edc2f69796596ceb6dbcdf8",
    "https://deno.land/std@0.210.0/assert/assert_rejects.ts": "f7e83272d816e1b39710012a0597ed950db2de6b193adcc5e50ddbcd9e177767",
    "https://deno.land/std@0.210.0/assert/assert_strict_equals.ts": "4007dabef1c2e9d6f1bb0e948ba7ba99ec9b1bee97ba34d67f7c10e7e5d794f7",
    "https://deno.land/std@0.210.0/assert/assert_string_includes.ts": "108a30d9348e5ff7a8b0b7cc836cf0a8cff27d5b33e861b8c56b52cc60b8219a",
    "https://deno.land/std@0.210.0/assert/assert_throws.ts": "a8767e6a06e94bac42ca9eebdad5d4e2decbc0c48bc892da7e06aa1fe0b388ba",
    "https://deno.land/std@0.210.0/assert/assertion_error.ts": "26ed1863d905005f00785c89750c001c3522c5417e4f58f95044b8143cfc1593",
    "https://deno.land/std@0.210.0/assert/equal.ts": "6f81c8a3b12c08bdc3510c8a1293b4db1c083692219d7e3828d2234b448d3d3d",
    "https://deno.land/std@0.210.0/assert/fail.ts": "f56fc64f9a141f98c1be5ff1005ddf158db888b7b206510e955bb3fedc69021c",
    "https://deno.land/std@0.210.0/assert/mod.ts": "37c49a26aae2b254bbe25723434dc28cd7532e444cf0b481a97c045d110ec085",
    "https://deno.land/std@0.210.0/assert/unimplemented.ts": "4e3e504792c87c485dbc5f4020489d8806ef697741403af2008dfa7b5a4711e8",
    "https://deno.land/std@0.210.0/assert/unreachable.ts": "1af8c99421cc5fb7332454b2b9eca074a4e394895a180bc837750dedcca75338",
    "https://deno.land/std@0.210.0/bytes/concat.ts": "148a7575649e4a06246203f725f4878dce08690cc33c448f1000632e7a050449",
    "https://deno.land/std@0.210.0/bytes/copy.ts": "939d89e302a9761dcf1d9c937c7711174ed74c59eef40a1e4569a05c9de88219",
    "https://deno.land/std@0.210.0/bytes/ends_with.ts": "4228811ebc71615d27f065c54b5e815ec1972538772b0f413c0efe05245b472e",
    "https://deno.land/std@0.210.0/bytes/equals.ts": "fc190cce412b2136979181b163ec7e05f7e7a947e39102eee4b8c0d62519ddf9",
    "https://deno.land/std@0.210.0/bytes/includes_needle.ts": "76a8163126fb2f8bf86fd7f22192c3bb04bf6a20b987a095127c2ca08adf3ba6",
    "https://deno.land/std@0.210.0/bytes/index_of_needle.ts": "9c06610e9611b5647ac25952e71a22e09227c9f1b8cbeeb33399bf8bf8a7f649",
    "https://deno.land/std@0.210.0/bytes/last_index_of_needle.ts": "f1602f221c3b678bc4f1e1c88a70a15ab7da32c21751dbbc6c957c956951d784",
    "https://deno.land/std@0.210.0/bytes/mod.ts": "9ed597c10cc61cdcd4cf725ad7ed935f6dc7ff481ba6bcc6d6a47633ea1ae0b8",
    "https://deno.land/std@0.210.0/bytes/repeat.ts": "6f5e490d8d72bcbf8d84a6bb04690b9b3eb5822c5a11687bca73a2318a842294",
    "https://deno.land/std@0.210.0/bytes/starts_with.ts": "3e607a70c9c09f5140b7a7f17a695221abcc7244d20af3eb47ccbb63f5885135",
    "https://deno.land/std@0.210.0/encoding/_util.ts": "f368920189c4fe6592ab2e93bd7ded8f3065b84f95cd3e036a4a10a75649dcba",
    "https://deno.land/std@0.210.0/encoding/hex.ts": "a91232cc15aeb458289d22ed443dc2ba2e6f98080a11db3dfc96a0063c238cbe",
    "https://deno.land/std@0.210.0/fmt/colors.ts": "2685c524bef9b16b3059a417daf6860c754eb755e19e812762ef5dff62f24481",
    "https://deno.land/std@0.210.0/io/buf_reader.ts": "d0575c7786a5eb9b6f4ed560a400c987b5d1bac2724ad8c352a644b7baff9791",
    "https://deno.land/std@0.210.0/io/buf_writer.ts": "6af65d3e243f8bb4ddbc921542ef8797e3bc128bccc43257fe081d57262ad48c",
    "https://deno.land/std@0.210.0/io/buffer.ts": "b2ea4d33cd8d1f306d720a4768676382b9462fc0d0cf56b5f7bc2a33ea423b10",
    "https://deno.land/std@0.210.0/io/copy_n.ts": "35f88a840aad8d158b5115f862455d01b717c402d1ea3f5d9c608dfdfbeb29fc",
    "https://deno.land/std@0.210.0/io/limited_reader.ts": "cbcecd962fa9d292b5a226e657d3c9e60a374d19ae8a3bba9956e6ce4a08d760",
    "https://deno.land/std@0.210.0/io/mod.ts": "61c2100d3eac23f0574cffb74257069a8308cf5183342d8c344fcf307e1d5b8c",
    "https://deno.land/std@0.210.0/io/multi_reader.ts": "e7edd9157732776ba5483b2bc2597f7b3b27913207dbf411c79172c1fc8a884d",
    "https://deno.land/std@0.210.0/io/read_delim.ts": "a079fb0f1a4b2aa397100a65b2c8443f64e36d66720843541d6c938db963c7de",
    "https://deno.land/std@0.210.0/io/read_int.ts": "4e96b319f9b82b066c04e13f9f14ad4460bcaf367454844f6395b51820f5b74f",
    "https://deno.land/std@0.210.0/io/read_lines.ts": "974a029207b55779ede17bcb60e31c59fddb9abbef51cf87d98ed31769b97cce",
    "https://deno.land/std@0.210.0/io/read_long.ts": "b24d81075cd69660ad789948a8413c04038b007890f69418fd3d96dfc5609903",
    "https://deno.land/std@0.210.0/io/read_range.ts": "2aa02e038312ba4b5aa282a74226fb6cf6ae9201d53d78585162df237298946b",
    "https://deno.land/std@0.210.0/io/read_short.ts": "a2dd615728dbb5cf4a16e23ef12a0d208bd36ceff8dc062a34e0cd2140538f53",
    "https://deno.land/std@0.210.0/io/read_string_delim.ts": "9df2a6eca0943518ec15b5b6f0876f62884d8cb51f4baa2212b396c1922f4c68",
    "https://deno.land/std@0.210.0/io/slice_long_to_bytes.ts": "bb5aa0d705422b05cfe7c1d4b55716f3c143a30e3014212ee89c4cd23e146467",
    "https://deno.land/std@0.210.0/io/string_reader.ts": "3751befe5e8b23fd7a3f87f96d771b61c92e4f52e8e046dc5834007869f84fa4",
    "https://deno.land/std@0.210.0/io/string_writer.ts": "8024a4c1bb841e32c41ea7cec8f1248d5f73dd6af93b2a6c14dcc4bf4890ad21",
    "https://esm.sh/cache-control-parser@2.0.2": "593aa3a40c8885a7459d1125eb2096da3ec6c66b85620a1d3bcb035cd021233f",
    "https://esm.sh/v135/cache-control-parser@2.0.2/denonext/cache-control-parser.mjs": "c2ad4a3f3b688914214d1facf9254617ac551c6a203a2353050c9882d26ab219",
    "https://v1-6-0--edge-utils.netlify.app/logger/logger.ts": "7b7c87aa3772890be797e0e9ebd9a22b31c9e3105673ffc1844e88aabc5e5c37",
    "https://v1-6-0--edge-utils.netlify.app/logger/mod.ts": "669a5ec2dceede2926b0e1a7471c449a445f957c1deac559e07fb4c2af390ed1"
  }
}
